
Microsoft Visual Studio Solution File, Format Version 12.00
# Visual Studio Version 16
VisualStudioVersion = 16.0.31624.102
MinimumVisualStudioVersion = 10.0.40219.1
Project("{FAE04EC0-301F-11D3-BF4B-00C04F79EFBC}") = "Uppgift1", "Uppgift1\Uppgift1.csproj", "{DA6D6DC8-3963-4403-AF8B-2DCF254E544E}"
EndProject
Global
	GlobalSection(SolutionConfigurationPlatforms) = preSolution
		Debug|Any CPU = Debug|Any CPU
		Release|Any CPU = Release|Any CPU
	EndGlobalSection
	GlobalSection(ProjectConfigurationPlatforms) = postSolution
		{DA6D6DC8-3963-4403-AF8B-2DCF254E544E}.Debug|Any CPU.ActiveCfg = Debug|Any CPU
		{DA6D6DC8-3963-4403-AF8B-2DCF254E544E}.Debug|Any CPU.Build.0 = Debug|Any CPU
		{DA6D6DC8-3963-4403-AF8B-2DCF254E544E}.Release|Any CPU.ActiveCfg = Release|Any CPU
		{DA6D6DC8-3963-4403-AF8B-2DCF254E544E}.Release|Any CPU.Build.0 = Release|Any CPU
	EndGlobalSection
	GlobalSection(SolutionProperties) = preSolution
		HideSolutionNode = FALSE
	EndGlobalSection
	GlobalSection(ExtensibilityGlobals) = postSolution
		SolutionGuid = {A2972B00-5712-4E9F-95C9-2F57533BA91F}
	EndGlobalSection
EndGlobal
